{
  "version": 4,
  "terraform_version": "1.5.7",
  "serial": 4,
  "lineage": "8a69b423-9bc2-b481-1c8b-ed8669a040c2",
  "outputs": {
    "external_ip": {
      "value": "34.9.180.204",
      "type": "string"
    },
    "gpu": {
      "value": "https://www.googleapis.com/compute/v1/projects/schema-478207/zones/us-central1-b/acceleratorTypes/nvidia-tesla-t4",
      "type": "string"
    },
    "instance_name": {
      "value": "schemalabsai-prod-gpu001",
      "type": "string"
    },
    "machine_type": {
      "value": "n1-standard-8",
      "type": "string"
    }
  },
  "resources": [
    {
      "mode": "managed",
      "type": "google_compute_disk",
      "name": "boot_disk",
      "provider": "provider[\"registry.terraform.io/hashicorp/google\"]",
      "instances": [
        {
          "schema_version": 0,
          "attributes": {
            "access_mode": "",
            "async_primary_disk": [],
            "creation_timestamp": "2025-12-30T04:48:12.774-08:00",
            "description": "",
            "disk_encryption_key": [],
            "disk_id": "921493968112219363",
            "effective_labels": {},
            "enable_confidential_compute": false,
            "guest_os_features": [
              {
                "type": "GVNIC"
              },
              {
                "type": "IDPF"
              },
              {
                "type": "SEV_CAPABLE"
              },
              {
                "type": "SEV_LIVE_MIGRATABLE"
              },
              {
                "type": "SEV_LIVE_MIGRATABLE_V2"
              },
              {
                "type": "SEV_SNP_CAPABLE"
              },
              {
                "type": "SNP_SVSM_CAPABLE"
              },
              {
                "type": "TDX_CAPABLE"
              },
              {
                "type": "UEFI_COMPATIBLE"
              },
              {
                "type": "VIRTIO_SCSI_MULTIQUEUE"
              }
            ],
            "id": "projects/schema-478207/zones/us-central1-b/disks/schemalabsai-prod",
            "image": "https://www.googleapis.com/compute/v1/projects/ubuntu-os-cloud/global/images/ubuntu-minimal-2404-noble-amd64-v20251217",
            "label_fingerprint": "42WmSpB8rSM=",
            "labels": {},
            "last_attach_timestamp": "2026-02-13T04:40:59.946-08:00",
            "last_detach_timestamp": "2026-02-13T04:40:55.895-08:00",
            "licenses": [
              "https://www.googleapis.com/compute/v1/projects/ubuntu-os-cloud/global/licenses/ubuntu-minimal-2404-lts"
            ],
            "name": "schemalabsai-prod",
            "physical_block_size_bytes": 4096,
            "project": "schema-478207",
            "provisioned_iops": 0,
            "provisioned_throughput": 0,
            "self_link": "https://www.googleapis.com/compute/v1/projects/schema-478207/zones/us-central1-b/disks/schemalabsai-prod",
            "size": 500,
            "snapshot": "",
            "source_disk": "",
            "source_disk_id": "",
            "source_image_encryption_key": [],
            "source_image_id": "793074862572304263",
            "source_snapshot_encryption_key": [],
            "source_snapshot_id": "",
            "storage_pool": "",
            "terraform_labels": {},
            "timeouts": null,
            "type": "pd-ssd",
            "users": [
              "https://www.googleapis.com/compute/v1/projects/schema-478207/zones/us-central1-b/instances/schemalabsai-prod-gpu001"
            ],
            "zone": "us-central1-b"
          },
          "sensitive_attributes": [],
          "private": "eyJlMmJmYjczMC1lY2FhLTExZTYtOGY4OC0zNDM2M2JjN2M0YzAiOnsiY3JlYXRlIjoxMjAwMDAwMDAwMDAwLCJkZWxldGUiOjEyMDAwMDAwMDAwMDAsInVwZGF0ZSI6MTIwMDAwMDAwMDAwMH0sInNjaGVtYV92ZXJzaW9uIjoiMCJ9"
        }
      ]
    },
    {
      "mode": "managed",
      "type": "google_compute_firewall",
      "name": "allow_http",
      "provider": "provider[\"registry.terraform.io/hashicorp/google\"]",
      "instances": [
        {
          "schema_version": 1,
          "attributes": {
            "allow": [
              {
                "ports": [
                  "80"
                ],
                "protocol": "tcp"
              }
            ],
            "creation_timestamp": "2025-11-19T10:14:41.129-08:00",
            "deny": [],
            "description": "",
            "destination_ranges": [],
            "direction": "INGRESS",
            "disabled": false,
            "enable_logging": null,
            "id": "projects/schema-478207/global/firewalls/default-allow-http",
            "log_config": [],
            "name": "default-allow-http",
            "network": "https://www.googleapis.com/compute/v1/projects/schema-478207/global/networks/default",
            "priority": 1000,
            "project": "schema-478207",
            "self_link": "https://www.googleapis.com/compute/v1/projects/schema-478207/global/firewalls/default-allow-http",
            "source_ranges": [
              "0.0.0.0/0"
            ],
            "source_service_accounts": [],
            "source_tags": [],
            "target_service_accounts": [],
            "target_tags": [
              "http-server"
            ],
            "timeouts": null
          },
          "sensitive_attributes": [],
          "private": "eyJlMmJmYjczMC1lY2FhLTExZTYtOGY4OC0zNDM2M2JjN2M0YzAiOnsiY3JlYXRlIjoxMjAwMDAwMDAwMDAwLCJkZWxldGUiOjEyMDAwMDAwMDAwMDAsInVwZGF0ZSI6MTIwMDAwMDAwMDAwMH0sInNjaGVtYV92ZXJzaW9uIjoiMSJ9"
        }
      ]
    },
    {
      "mode": "managed",
      "type": "google_compute_firewall",
      "name": "allow_https",
      "provider": "provider[\"registry.terraform.io/hashicorp/google\"]",
      "instances": [
        {
          "schema_version": 1,
          "attributes": {
            "allow": [
              {
                "ports": [
                  "443"
                ],
                "protocol": "tcp"
              }
            ],
            "creation_timestamp": "2025-11-19T10:14:41.028-08:00",
            "deny": [],
            "description": "",
            "destination_ranges": [],
            "direction": "INGRESS",
            "disabled": false,
            "enable_logging": null,
            "id": "projects/schema-478207/global/firewalls/default-allow-https",
            "log_config": [],
            "name": "default-allow-https",
            "network": "https://www.googleapis.com/compute/v1/projects/schema-478207/global/networks/default",
            "priority": 1000,
            "project": "schema-478207",
            "self_link": "https://www.googleapis.com/compute/v1/projects/schema-478207/global/firewalls/default-allow-https",
            "source_ranges": [
              "0.0.0.0/0"
            ],
            "source_service_accounts": [],
            "source_tags": [],
            "target_service_accounts": [],
            "target_tags": [
              "https-server"
            ],
            "timeouts": null
          },
          "sensitive_attributes": [],
          "private": "eyJlMmJmYjczMC1lY2FhLTExZTYtOGY4OC0zNDM2M2JjN2M0YzAiOnsiY3JlYXRlIjoxMjAwMDAwMDAwMDAwLCJkZWxldGUiOjEyMDAwMDAwMDAwMDAsInVwZGF0ZSI6MTIwMDAwMDAwMDAwMH0sInNjaGVtYV92ZXJzaW9uIjoiMSJ9"
        }
      ]
    },
    {
      "mode": "managed",
      "type": "google_compute_instance",
      "name": "schemalabsai",
      "provider": "provider[\"registry.terraform.io/hashicorp/google\"]",
      "instances": [
        {
          "schema_version": 6,
          "attributes": {
            "advanced_machine_features": [],
            "allow_stopping_for_update": null,
            "attached_disk": [],
            "boot_disk": [
              {
                "auto_delete": false,
                "device_name": "persistent-disk-0",
                "disk_encryption_key_raw": "",
                "disk_encryption_key_sha256": "",
                "initialize_params": [
                  {
                    "enable_confidential_compute": false,
                    "image": "https://www.googleapis.com/compute/v1/projects/ubuntu-os-cloud/global/images/ubuntu-minimal-2404-noble-amd64-v20251217",
                    "labels": {},
                    "provisioned_iops": 0,
                    "provisioned_throughput": 0,
                    "resource_manager_tags": {},
                    "size": 500,
                    "storage_pool": "",
                    "type": "pd-ssd"
                  }
                ],
                "kms_key_self_link": "",
                "mode": "READ_WRITE",
                "source": "https://www.googleapis.com/compute/v1/projects/schema-478207/zones/us-central1-b/disks/schemalabsai-prod"
              }
            ],
            "can_ip_forward": false,
            "confidential_instance_config": [
              {
                "confidential_instance_type": "",
                "enable_confidential_compute": false
              }
            ],
            "cpu_platform": "Intel Haswell",
            "current_status": "RUNNING",
            "deletion_protection": false,
            "description": "",
            "desired_status": null,
            "effective_labels": {
              "goog-ops-agent-policy": "v2-x86-template-1-4-0"
            },
            "enable_display": false,
            "guest_accelerator": [
              {
                "count": 1,
                "type": "https://www.googleapis.com/compute/v1/projects/schema-478207/zones/us-central1-b/acceleratorTypes/nvidia-tesla-t4"
              }
            ],
            "hostname": "",
            "id": "projects/schema-478207/zones/us-central1-b/instances/schemalabsai-prod-gpu001",
            "instance_id": "5190738653436867811",
            "label_fingerprint": "pzBpbdzjubE=",
            "labels": {},
            "machine_type": "n1-standard-8",
            "metadata": {
              "enable-osconfig": "TRUE",
              "serial-port-enable": "TRUE",
              "ssh-keys": "ozer:ecdsa-sha2-nistp256 AAAAE2VjZHNhLXNoYTItbmlzdHAyNTYAAAAIbmlzdHAyNTYAAABBBFY2v9K7QMMQHnkDphl2PJIDf4jrmf6AANP8X1/nyDhPiyNEGm+oELm42lbjT5c5EFLRh00EoM5q/+OPUr1WKAI= google-ssh {\"userName\":\"ozer@schemalabs.ai\",\"expireOn\":\"2026-02-13T12:28:40+0000\"}\nozer:ssh-rsa AAAAB3NzaC1yc2EAAAADAQABAAABAQCZ7PfKDi2wdarlprcewSQ0aEfKNow/KxkCLsj4fAKpgZLKeTS9Rz6jlkOlJTcTCmuXxSOaZqzTwQEv0upFdGFW+/rQ9HvFcbRfbOyZKveDY13IOHkwsX2t/2Nsy+ToxCpkLlsV64jLymxBuOeBWZO0Ed0ri11pUoaYrsh0BHSss4ajr2a5VIrhpDEQTxUGv5ICdR+L1Izzx+8Cn6GEPlsawBTOknw/9oB8J3qFSzYqLpHR1lMmS9BOxZaKNgBGepUAKXQs7hEqJMydYbZvu0BUHo/5FvwVnFsVFSYXagjP9hpOMRH+DatiBHD+3VWkdZ+iVUQ5lj8tG13TVcxK3Lkb google-ssh {\"userName\":\"ozer@schemalabs.ai\",\"expireOn\":\"2026-02-13T12:28:44+0000\"}"
            },
            "metadata_fingerprint": "GyFBpoOTFtw=",
            "metadata_startup_script": null,
            "min_cpu_platform": "",
            "name": "schemalabsai-prod-gpu001",
            "network_interface": [
              {
                "access_config": [
                  {
                    "nat_ip": "34.9.180.204",
                    "network_tier": "PREMIUM",
                    "public_ptr_domain_name": ""
                  }
                ],
                "alias_ip_range": [],
                "internal_ipv6_prefix_length": 0,
                "ipv6_access_config": [],
                "ipv6_access_type": "",
                "ipv6_address": "",
                "name": "nic0",
                "network": "https://www.googleapis.com/compute/v1/projects/schema-478207/global/networks/default",
                "network_ip": "10.128.0.4",
                "nic_type": "",
                "queue_count": 0,
                "stack_type": "IPV4_ONLY",
                "subnetwork": "https://www.googleapis.com/compute/v1/projects/schema-478207/regions/us-central1/subnetworks/default",
                "subnetwork_project": "schema-478207"
              }
            ],
            "network_performance_config": [],
            "params": [],
            "project": "schema-478207",
            "reservation_affinity": [
              {
                "specific_reservation": [],
                "type": "ANY_RESERVATION"
              }
            ],
            "resource_policies": [],
            "scheduling": [
              {
                "automatic_restart": true,
                "instance_termination_action": "",
                "local_ssd_recovery_timeout": [],
                "max_run_duration": [],
                "min_node_cpus": 0,
                "node_affinities": [],
                "on_host_maintenance": "TERMINATE",
                "on_instance_stop_action": [],
                "preemptible": false,
                "provisioning_model": "STANDARD"
              }
            ],
            "scratch_disk": [],
            "self_link": "https://www.googleapis.com/compute/v1/projects/schema-478207/zones/us-central1-b/instances/schemalabsai-prod-gpu001",
            "service_account": [
              {
                "email": "736469751674-compute@developer.gserviceaccount.com",
                "scopes": [
                  "https://www.googleapis.com/auth/devstorage.read_only",
                  "https://www.googleapis.com/auth/logging.write",
                  "https://www.googleapis.com/auth/monitoring.write",
                  "https://www.googleapis.com/auth/service.management.readonly",
                  "https://www.googleapis.com/auth/servicecontrol",
                  "https://www.googleapis.com/auth/trace.append"
                ]
              }
            ],
            "shielded_instance_config": [
              {
                "enable_integrity_monitoring": true,
                "enable_secure_boot": false,
                "enable_vtpm": true
              }
            ],
            "tags": [
              "http-server",
              "https-server"
            ],
            "tags_fingerprint": "6smc4R4d39I=",
            "terraform_labels": {},
            "timeouts": null,
            "zone": "us-central1-b"
          },
          "sensitive_attributes": [],
          "private": "eyJlMmJmYjczMC1lY2FhLTExZTYtOGY4OC0zNDM2M2JjN2M0YzAiOnsiY3JlYXRlIjoxMjAwMDAwMDAwMDAwLCJkZWxldGUiOjEyMDAwMDAwMDAwMDAsInVwZGF0ZSI6MTIwMDAwMDAwMDAwMH0sInNjaGVtYV92ZXJzaW9uIjoiNiJ9"
        }
      ]
    }
  ],
  "check_results": null
}
